
Microsoft Visual Studio Solution File, Format Version 12.00
# Visual Studio Version 16
VisualStudioVersion = 16.0.29209.152
MinimumVisualStudioVersion = 10.0.40219.1
Project("{FAE04EC0-301F-11D3-BF4B-00C04F79EFBC}") = "DynamicPredicate", "DynamicPredicate\DynamicPredicate.csproj", "{F91D70BC-55EB-42DE-B1EF-8EDC7B2EBD6D}"
EndProject
Global
	GlobalSection(SolutionConfigurationPlatforms) = preSolution
		Debug|Any CPU = Debug|Any CPU
		Release|Any CPU = Release|Any CPU
	EndGlobalSection
	GlobalSection(ProjectConfigurationPlatforms) = postSolution
		{F91D70BC-55EB-42DE-B1EF-8EDC7B2EBD6D}.Debug|Any CPU.ActiveCfg = Debug|Any CPU
		{F91D70BC-55EB-42DE-B1EF-8EDC7B2EBD6D}.Debug|Any CPU.Build.0 = Debug|Any CPU
		{F91D70BC-55EB-42DE-B1EF-8EDC7B2EBD6D}.Release|Any CPU.ActiveCfg = Release|Any CPU
		{F91D70BC-55EB-42DE-B1EF-8EDC7B2EBD6D}.Release|Any CPU.Build.0 = Release|Any CPU
	EndGlobalSection
	GlobalSection(SolutionProperties) = preSolution
		HideSolutionNode = FALSE
	EndGlobalSection
	GlobalSection(ExtensibilityGlobals) = postSolution
		SolutionGuid = {88D157DB-D9A1-4757-93C3-12B64D9CAF77}
	EndGlobalSection
EndGlobal
